
Microsoft Visual Studio Solution File, Format Version 12.00
# Visual Studio Version 17
VisualStudioVersion = 17.8.34322.80
MinimumVisualStudioVersion = 10.0.40219.1
Project("{FAE04EC0-301F-11D3-BF4B-00C04F79EFBC}") = "TheMajesticNetwork - Learn", "TheMajesticNetwork - Learn\TheMajesticNetwork - Learn.csproj", "{91A3198E-AEB1-4CAD-920F-7667C750B0BB}"
EndProject
Global
	GlobalSection(SolutionConfigurationPlatforms) = preSolution
		Debug|Any CPU = Debug|Any CPU
		Release|Any CPU = Release|Any CPU
	EndGlobalSection
	GlobalSection(ProjectConfigurationPlatforms) = postSolution
		{91A3198E-AEB1-4CAD-920F-7667C750B0BB}.Debug|Any CPU.ActiveCfg = Debug|Any CPU
		{91A3198E-AEB1-4CAD-920F-7667C750B0BB}.Debug|Any CPU.Build.0 = Debug|Any CPU
		{91A3198E-AEB1-4CAD-920F-7667C750B0BB}.Release|Any CPU.ActiveCfg = Release|Any CPU
		{91A3198E-AEB1-4CAD-920F-7667C750B0BB}.Release|Any CPU.Build.0 = Release|Any CPU
	EndGlobalSection
	GlobalSection(SolutionProperties) = preSolution
		HideSolutionNode = FALSE
	EndGlobalSection
	GlobalSection(ExtensibilityGlobals) = postSolution
		SolutionGuid = {2A099DEF-B3E6-4198-85C4-73F636DAD1BC}
	EndGlobalSection
EndGlobal
